
Microsoft Visual Studio Solution File, Format Version 12.00
Project("{FAE04EC0-301F-11D3-BF4B-00C04F79EFBC}") = "LTE-ASP-Base", "LTE-ASP-Base\LTE-ASP-Base.csproj", "{E6466941-DC55-4AD5-8548-20D1E02A12F8}"
EndProject
Project("{FAE04EC0-301F-11D3-BF4B-00C04F79EFBC}") = "BaseRepositories", "BaseRepositories\BaseRepositories.csproj", "{5BE62BB0-B418-4DFD-8879-39D661C7EC3B}"
EndProject
Project("{FAE04EC0-301F-11D3-BF4B-00C04F79EFBC}") = "BaseApplication", "BaseApplication\BaseApplication.csproj", "{6A346362-175D-4938-8D10-FBC91CF052F2}"
EndProject
Project("{2150E333-8FDC-42A3-9474-1A3956D46DE8}") = "1.Common", "1.Common", "{E4A2C132-C443-4571-91CD-D3B6B9CF1CF4}"
EndProject
Project("{2150E333-8FDC-42A3-9474-1A3956D46DE8}") = "2.Presentation Layer", "2.Presentation Layer", "{40092CFA-4EC9-4CC1-AC61-1FAC0351F813}"
EndProject
Project("{2150E333-8FDC-42A3-9474-1A3956D46DE8}") = "3.Service", "3.Service", "{BF0755E2-B8AF-4818-8F0A-A53819F1EDAC}"
EndProject
Project("{2150E333-8FDC-42A3-9474-1A3956D46DE8}") = "4.Test", "4.Test", "{90E56E84-0B0C-4F3B-A05D-88DF82EE6CD7}"
EndProject
Project("{2150E333-8FDC-42A3-9474-1A3956D46DE8}") = "01.AccountManager", "01.AccountManager", "{F64838D1-B5BA-4060-9007-8982943F6CA9}"
EndProject
Project("{2150E333-8FDC-42A3-9474-1A3956D46DE8}") = "1.Presentation Layer", "1.Presentation Layer", "{93974B5B-92CE-4E61-A969-A371002701CA}"
EndProject
Project("{2150E333-8FDC-42A3-9474-1A3956D46DE8}") = "2.Domain Layer", "2.Domain Layer", "{66C59FF6-B812-430E-A3FD-C8AE4ACE91A4}"
EndProject
Project("{2150E333-8FDC-42A3-9474-1A3956D46DE8}") = "3.Data Layer", "3.Data Layer", "{DD4DF831-BA97-4016-B6DC-36A7D1E7FDEC}"
EndProject
Project("{FAE04EC0-301F-11D3-BF4B-00C04F79EFBC}") = "AccountManager", "AccountManager\AccountManager.csproj", "{18458451-129A-4249-A738-00A7E6D6779F}"
EndProject
Project("{FAE04EC0-301F-11D3-BF4B-00C04F79EFBC}") = "AccountManager.Shared", "AccountManager.Shared\AccountManager.Shared.csproj", "{6967F5FD-C09E-46A4-A3F6-FD611C7252AB}"
EndProject
Project("{FAE04EC0-301F-11D3-BF4B-00C04F79EFBC}") = "AccountCommands", "AccountCommands\AccountCommands.csproj", "{AF69BA77-3951-4146-961C-F2687B939686}"
EndProject
Project("{FAE04EC0-301F-11D3-BF4B-00C04F79EFBC}") = "AccountDomains", "AccountDomains\AccountDomains.csproj", "{70715414-B47A-45D9-8CF6-5B78EFED4562}"
EndProject
Project("{FAE04EC0-301F-11D3-BF4B-00C04F79EFBC}") = "AccountReadModels", "AccountReadModels\AccountReadModels.csproj", "{D5561C80-5957-4AC9-866B-1953E24E237F}"
EndProject
Project("{FAE04EC0-301F-11D3-BF4B-00C04F79EFBC}") = "AccountRepository", "AccountRepository\AccountRepository.csproj", "{6A3161FF-1ED7-44E1-B358-03E0011A0F29}"
EndProject
Project("{FAE04EC0-301F-11D3-BF4B-00C04F79EFBC}") = "AccountRepositorySQLImplement", "AccountRepositorySQLImplement\AccountRepositorySQLImplement.csproj", "{30407263-0B75-419C-B6BC-31840680DE7C}"
EndProject
Project("{FAE04EC0-301F-11D3-BF4B-00C04F79EFBC}") = "Configs", "Configs\Configs.csproj", "{4DB56E07-F783-430B-A94A-185F37B4E71E}"
EndProject
Project("{FAE04EC0-301F-11D3-BF4B-00C04F79EFBC}") = "Extensions", "Extensions\Extensions.csproj", "{FDD9E365-2A4C-422E-B95D-B10F51E090A6}"
EndProject
Project("{FAE04EC0-301F-11D3-BF4B-00C04F79EFBC}") = "BaseCommands", "BaseCommands\BaseCommands.csproj", "{80D10FA6-59C0-42D9-8B12-F5B1DBA50A4A}"
EndProject
Project("{FAE04EC0-301F-11D3-BF4B-00C04F79EFBC}") = "EnumDefine", "EnumDefine\EnumDefine.csproj", "{3B3DC8E6-5DA7-4C71-84B3-4A94641247AF}"
EndProject
Project("{FAE04EC0-301F-11D3-BF4B-00C04F79EFBC}") = "BaseReadModels", "BaseReadModels\BaseReadModels.csproj", "{97AD811E-1318-4396-8A11-1F909E5E18AE}"
EndProject
Project("{FAE04EC0-301F-11D3-BF4B-00C04F79EFBC}") = "EventBus", "EventBus\EventBus.csproj", "{2F9FE178-4BFC-4E20-805A-6FAAB3975D05}"
EndProject
Project("{FAE04EC0-301F-11D3-BF4B-00C04F79EFBC}") = "BaseDomains", "BaseDomains\BaseDomains.csproj", "{FA25B3CA-6367-4AC3-B74F-4B82D5A5FC71}"
EndProject
Project("{FAE04EC0-301F-11D3-BF4B-00C04F79EFBC}") = "Common", "Common\Common.csproj", "{BEC45113-346A-481D-BC20-0422E59547E0}"
EndProject
Project("{2150E333-8FDC-42A3-9474-1A3956D46DE8}") = "02.SystemManager", "02.SystemManager", "{1B9F8445-E48B-4298-B91A-8172A636AE80}"
EndProject
Project("{2150E333-8FDC-42A3-9474-1A3956D46DE8}") = "1.Presentation Layer", "1.Presentation Layer", "{12C44E1F-A59F-4831-8A30-FB81927A9943}"
EndProject
Project("{2150E333-8FDC-42A3-9474-1A3956D46DE8}") = "2.Domain Layer", "2.Domain Layer", "{49D11FF3-5047-4308-A99B-3C5F524EF402}"
EndProject
Project("{2150E333-8FDC-42A3-9474-1A3956D46DE8}") = "3.Data Layer", "3.Data Layer", "{075BF2DE-D3C8-43BF-8E03-2BBACDA9E264}"
EndProject
Project("{FAE04EC0-301F-11D3-BF4B-00C04F79EFBC}") = "SystemManager", "SystemManager\SystemManager.csproj", "{D9B28348-7DD4-4C60-944B-7A4D56467303}"
EndProject
Project("{FAE04EC0-301F-11D3-BF4B-00C04F79EFBC}") = "SystemManager.Shared", "SystemManager.Shared\SystemManager.Shared.csproj", "{490CAD9C-4B5C-445F-ABA0-4246850E817F}"
EndProject
Project("{FAE04EC0-301F-11D3-BF4B-00C04F79EFBC}") = "SystemCommands", "SystemCommands\SystemCommands.csproj", "{B758D3AF-47CD-4949-87CA-132CB52BACC5}"
EndProject
Project("{FAE04EC0-301F-11D3-BF4B-00C04F79EFBC}") = "SystemDomains", "SystemDomains\SystemDomains.csproj", "{272447CE-9498-4747-A52E-2FA7757C30FF}"
EndProject
Project("{FAE04EC0-301F-11D3-BF4B-00C04F79EFBC}") = "SystemReadModels", "SystemReadModels\SystemReadModels.csproj", "{C9A1F51D-532C-4ED0-87D5-596D871BAC8C}"
EndProject
Project("{FAE04EC0-301F-11D3-BF4B-00C04F79EFBC}") = "SystemRepository", "SystemRepository\SystemRepository.csproj", "{32F1D097-FC87-4238-9F76-A88207F45989}"
EndProject
Project("{FAE04EC0-301F-11D3-BF4B-00C04F79EFBC}") = "SystemRepositorySQLImplement", "SystemRepositorySQLImplement\SystemRepositorySQLImplement.csproj", "{9A85F190-A2D2-45A7-A87C-7004934C0632}"
EndProject
Project("{2150E333-8FDC-42A3-9474-1A3956D46DE8}") = "03.NotificationManager", "03.NotificationManager", "{46537D05-D266-447B-AED0-A48A71BCFAA8}"
EndProject
Project("{2150E333-8FDC-42A3-9474-1A3956D46DE8}") = "1.Presentation Layer", "1.Presentation Layer", "{C7000A89-90B1-4978-BBC2-06A3E76CD765}"
EndProject
Project("{2150E333-8FDC-42A3-9474-1A3956D46DE8}") = "2.Domain Layer", "2.Domain Layer", "{AD77B7C7-1279-43EC-9539-7F0418098E2F}"
EndProject
Project("{2150E333-8FDC-42A3-9474-1A3956D46DE8}") = "3.Data Layer", "3.Data Layer", "{19765CF3-FBE9-4AB2-89C1-E2975B5265B1}"
EndProject
Project("{FAE04EC0-301F-11D3-BF4B-00C04F79EFBC}") = "NotificationManager", "NotificationManager\NotificationManager.csproj", "{C0F3E785-DDC4-48BE-A6EB-71E250735F63}"
EndProject
Project("{FAE04EC0-301F-11D3-BF4B-00C04F79EFBC}") = "NotificationManager.Shared", "NotificationManager.Shared\NotificationManager.Shared.csproj", "{B99D347C-8052-4819-958C-85ED29FD7849}"
EndProject
Project("{FAE04EC0-301F-11D3-BF4B-00C04F79EFBC}") = "NotificationCommands", "NotificationCommands\NotificationCommands.csproj", "{A7ABFC59-A1BE-48C1-B897-86627E7BA0FE}"
EndProject
Project("{FAE04EC0-301F-11D3-BF4B-00C04F79EFBC}") = "NotificationDomains", "NotificationDomains\NotificationDomains.csproj", "{53513F98-B82E-4CA1-BACA-851A98882F80}"
EndProject
Project("{FAE04EC0-301F-11D3-BF4B-00C04F79EFBC}") = "NotificationReadModels", "NotificationReadModels\NotificationReadModels.csproj", "{DD5ACC34-B4C0-4C37-966C-13810A2DDC39}"
EndProject
Project("{FAE04EC0-301F-11D3-BF4B-00C04F79EFBC}") = "NotificationRepository", "NotificationRepository\NotificationRepository.csproj", "{9B6D9B9A-2594-4D97-BD05-0F5E4737B90B}"
EndProject
Project("{FAE04EC0-301F-11D3-BF4B-00C04F79EFBC}") = "NotificationRepositorySQLImplement", "NotificationRepositorySQLImplement\NotificationRepositorySQLImplement.csproj", "{AFE129CE-1322-48A4-92F7-41EDBEB0FE2A}"
EndProject
Global
	GlobalSection(SolutionConfigurationPlatforms) = preSolution
		Debug|Any CPU = Debug|Any CPU
		Release|Any CPU = Release|Any CPU
	EndGlobalSection
	GlobalSection(ProjectConfigurationPlatforms) = postSolution
		{E6466941-DC55-4AD5-8548-20D1E02A12F8}.Debug|Any CPU.ActiveCfg = Debug|Any CPU
		{E6466941-DC55-4AD5-8548-20D1E02A12F8}.Debug|Any CPU.Build.0 = Debug|Any CPU
		{E6466941-DC55-4AD5-8548-20D1E02A12F8}.Release|Any CPU.ActiveCfg = Release|Any CPU
		{E6466941-DC55-4AD5-8548-20D1E02A12F8}.Release|Any CPU.Build.0 = Release|Any CPU
		{5BE62BB0-B418-4DFD-8879-39D661C7EC3B}.Debug|Any CPU.ActiveCfg = Debug|Any CPU
		{5BE62BB0-B418-4DFD-8879-39D661C7EC3B}.Debug|Any CPU.Build.0 = Debug|Any CPU
		{5BE62BB0-B418-4DFD-8879-39D661C7EC3B}.Release|Any CPU.ActiveCfg = Release|Any CPU
		{5BE62BB0-B418-4DFD-8879-39D661C7EC3B}.Release|Any CPU.Build.0 = Release|Any CPU
		{6A346362-175D-4938-8D10-FBC91CF052F2}.Debug|Any CPU.ActiveCfg = Debug|Any CPU
		{6A346362-175D-4938-8D10-FBC91CF052F2}.Debug|Any CPU.Build.0 = Debug|Any CPU
		{6A346362-175D-4938-8D10-FBC91CF052F2}.Release|Any CPU.ActiveCfg = Release|Any CPU
		{6A346362-175D-4938-8D10-FBC91CF052F2}.Release|Any CPU.Build.0 = Release|Any CPU
		{18458451-129A-4249-A738-00A7E6D6779F}.Debug|Any CPU.ActiveCfg = Debug|Any CPU
		{18458451-129A-4249-A738-00A7E6D6779F}.Debug|Any CPU.Build.0 = Debug|Any CPU
		{18458451-129A-4249-A738-00A7E6D6779F}.Release|Any CPU.ActiveCfg = Release|Any CPU
		{18458451-129A-4249-A738-00A7E6D6779F}.Release|Any CPU.Build.0 = Release|Any CPU
		{6967F5FD-C09E-46A4-A3F6-FD611C7252AB}.Debug|Any CPU.ActiveCfg = Debug|Any CPU
		{6967F5FD-C09E-46A4-A3F6-FD611C7252AB}.Debug|Any CPU.Build.0 = Debug|Any CPU
		{6967F5FD-C09E-46A4-A3F6-FD611C7252AB}.Release|Any CPU.ActiveCfg = Release|Any CPU
		{6967F5FD-C09E-46A4-A3F6-FD611C7252AB}.Release|Any CPU.Build.0 = Release|Any CPU
		{AF69BA77-3951-4146-961C-F2687B939686}.Debug|Any CPU.ActiveCfg = Debug|Any CPU
		{AF69BA77-3951-4146-961C-F2687B939686}.Debug|Any CPU.Build.0 = Debug|Any CPU
		{AF69BA77-3951-4146-961C-F2687B939686}.Release|Any CPU.ActiveCfg = Release|Any CPU
		{AF69BA77-3951-4146-961C-F2687B939686}.Release|Any CPU.Build.0 = Release|Any CPU
		{70715414-B47A-45D9-8CF6-5B78EFED4562}.Debug|Any CPU.ActiveCfg = Debug|Any CPU
		{70715414-B47A-45D9-8CF6-5B78EFED4562}.Debug|Any CPU.Build.0 = Debug|Any CPU
		{70715414-B47A-45D9-8CF6-5B78EFED4562}.Release|Any CPU.ActiveCfg = Release|Any CPU
		{70715414-B47A-45D9-8CF6-5B78EFED4562}.Release|Any CPU.Build.0 = Release|Any CPU
		{D5561C80-5957-4AC9-866B-1953E24E237F}.Debug|Any CPU.ActiveCfg = Debug|Any CPU
		{D5561C80-5957-4AC9-866B-1953E24E237F}.Debug|Any CPU.Build.0 = Debug|Any CPU
		{D5561C80-5957-4AC9-866B-1953E24E237F}.Release|Any CPU.ActiveCfg = Release|Any CPU
		{D5561C80-5957-4AC9-866B-1953E24E237F}.Release|Any CPU.Build.0 = Release|Any CPU
		{6A3161FF-1ED7-44E1-B358-03E0011A0F29}.Debug|Any CPU.ActiveCfg = Debug|Any CPU
		{6A3161FF-1ED7-44E1-B358-03E0011A0F29}.Debug|Any CPU.Build.0 = Debug|Any CPU
		{6A3161FF-1ED7-44E1-B358-03E0011A0F29}.Release|Any CPU.ActiveCfg = Release|Any CPU
		{6A3161FF-1ED7-44E1-B358-03E0011A0F29}.Release|Any CPU.Build.0 = Release|Any CPU
		{30407263-0B75-419C-B6BC-31840680DE7C}.Debug|Any CPU.ActiveCfg = Debug|Any CPU
		{30407263-0B75-419C-B6BC-31840680DE7C}.Debug|Any CPU.Build.0 = Debug|Any CPU
		{30407263-0B75-419C-B6BC-31840680DE7C}.Release|Any CPU.ActiveCfg = Release|Any CPU
		{30407263-0B75-419C-B6BC-31840680DE7C}.Release|Any CPU.Build.0 = Release|Any CPU
		{4DB56E07-F783-430B-A94A-185F37B4E71E}.Debug|Any CPU.ActiveCfg = Debug|Any CPU
		{4DB56E07-F783-430B-A94A-185F37B4E71E}.Debug|Any CPU.Build.0 = Debug|Any CPU
		{4DB56E07-F783-430B-A94A-185F37B4E71E}.Release|Any CPU.ActiveCfg = Release|Any CPU
		{4DB56E07-F783-430B-A94A-185F37B4E71E}.Release|Any CPU.Build.0 = Release|Any CPU
		{FDD9E365-2A4C-422E-B95D-B10F51E090A6}.Debug|Any CPU.ActiveCfg = Debug|Any CPU
		{FDD9E365-2A4C-422E-B95D-B10F51E090A6}.Debug|Any CPU.Build.0 = Debug|Any CPU
		{FDD9E365-2A4C-422E-B95D-B10F51E090A6}.Release|Any CPU.ActiveCfg = Release|Any CPU
		{FDD9E365-2A4C-422E-B95D-B10F51E090A6}.Release|Any CPU.Build.0 = Release|Any CPU
		{80D10FA6-59C0-42D9-8B12-F5B1DBA50A4A}.Debug|Any CPU.ActiveCfg = Debug|Any CPU
		{80D10FA6-59C0-42D9-8B12-F5B1DBA50A4A}.Debug|Any CPU.Build.0 = Debug|Any CPU
		{80D10FA6-59C0-42D9-8B12-F5B1DBA50A4A}.Release|Any CPU.ActiveCfg = Release|Any CPU
		{80D10FA6-59C0-42D9-8B12-F5B1DBA50A4A}.Release|Any CPU.Build.0 = Release|Any CPU
		{3B3DC8E6-5DA7-4C71-84B3-4A94641247AF}.Debug|Any CPU.ActiveCfg = Debug|Any CPU
		{3B3DC8E6-5DA7-4C71-84B3-4A94641247AF}.Debug|Any CPU.Build.0 = Debug|Any CPU
		{3B3DC8E6-5DA7-4C71-84B3-4A94641247AF}.Release|Any CPU.ActiveCfg = Release|Any CPU
		{3B3DC8E6-5DA7-4C71-84B3-4A94641247AF}.Release|Any CPU.Build.0 = Release|Any CPU
		{97AD811E-1318-4396-8A11-1F909E5E18AE}.Debug|Any CPU.ActiveCfg = Debug|Any CPU
		{97AD811E-1318-4396-8A11-1F909E5E18AE}.Debug|Any CPU.Build.0 = Debug|Any CPU
		{97AD811E-1318-4396-8A11-1F909E5E18AE}.Release|Any CPU.ActiveCfg = Release|Any CPU
		{97AD811E-1318-4396-8A11-1F909E5E18AE}.Release|Any CPU.Build.0 = Release|Any CPU
		{2F9FE178-4BFC-4E20-805A-6FAAB3975D05}.Debug|Any CPU.ActiveCfg = Debug|Any CPU
		{2F9FE178-4BFC-4E20-805A-6FAAB3975D05}.Debug|Any CPU.Build.0 = Debug|Any CPU
		{2F9FE178-4BFC-4E20-805A-6FAAB3975D05}.Release|Any CPU.ActiveCfg = Release|Any CPU
		{2F9FE178-4BFC-4E20-805A-6FAAB3975D05}.Release|Any CPU.Build.0 = Release|Any CPU
		{FA25B3CA-6367-4AC3-B74F-4B82D5A5FC71}.Debug|Any CPU.ActiveCfg = Debug|Any CPU
		{FA25B3CA-6367-4AC3-B74F-4B82D5A5FC71}.Debug|Any CPU.Build.0 = Debug|Any CPU
		{FA25B3CA-6367-4AC3-B74F-4B82D5A5FC71}.Release|Any CPU.ActiveCfg = Release|Any CPU
		{FA25B3CA-6367-4AC3-B74F-4B82D5A5FC71}.Release|Any CPU.Build.0 = Release|Any CPU
		{BEC45113-346A-481D-BC20-0422E59547E0}.Debug|Any CPU.ActiveCfg = Debug|Any CPU
		{BEC45113-346A-481D-BC20-0422E59547E0}.Debug|Any CPU.Build.0 = Debug|Any CPU
		{BEC45113-346A-481D-BC20-0422E59547E0}.Release|Any CPU.ActiveCfg = Release|Any CPU
		{BEC45113-346A-481D-BC20-0422E59547E0}.Release|Any CPU.Build.0 = Release|Any CPU
		{D9B28348-7DD4-4C60-944B-7A4D56467303}.Debug|Any CPU.ActiveCfg = Debug|Any CPU
		{D9B28348-7DD4-4C60-944B-7A4D56467303}.Debug|Any CPU.Build.0 = Debug|Any CPU
		{D9B28348-7DD4-4C60-944B-7A4D56467303}.Release|Any CPU.ActiveCfg = Release|Any CPU
		{D9B28348-7DD4-4C60-944B-7A4D56467303}.Release|Any CPU.Build.0 = Release|Any CPU
		{490CAD9C-4B5C-445F-ABA0-4246850E817F}.Debug|Any CPU.ActiveCfg = Debug|Any CPU
		{490CAD9C-4B5C-445F-ABA0-4246850E817F}.Debug|Any CPU.Build.0 = Debug|Any CPU
		{490CAD9C-4B5C-445F-ABA0-4246850E817F}.Release|Any CPU.ActiveCfg = Release|Any CPU
		{490CAD9C-4B5C-445F-ABA0-4246850E817F}.Release|Any CPU.Build.0 = Release|Any CPU
		{B758D3AF-47CD-4949-87CA-132CB52BACC5}.Debug|Any CPU.ActiveCfg = Debug|Any CPU
		{B758D3AF-47CD-4949-87CA-132CB52BACC5}.Debug|Any CPU.Build.0 = Debug|Any CPU
		{B758D3AF-47CD-4949-87CA-132CB52BACC5}.Release|Any CPU.ActiveCfg = Release|Any CPU
		{B758D3AF-47CD-4949-87CA-132CB52BACC5}.Release|Any CPU.Build.0 = Release|Any CPU
		{272447CE-9498-4747-A52E-2FA7757C30FF}.Debug|Any CPU.ActiveCfg = Debug|Any CPU
		{272447CE-9498-4747-A52E-2FA7757C30FF}.Debug|Any CPU.Build.0 = Debug|Any CPU
		{272447CE-9498-4747-A52E-2FA7757C30FF}.Release|Any CPU.ActiveCfg = Release|Any CPU
		{272447CE-9498-4747-A52E-2FA7757C30FF}.Release|Any CPU.Build.0 = Release|Any CPU
		{C9A1F51D-532C-4ED0-87D5-596D871BAC8C}.Debug|Any CPU.ActiveCfg = Debug|Any CPU
		{C9A1F51D-532C-4ED0-87D5-596D871BAC8C}.Debug|Any CPU.Build.0 = Debug|Any CPU
		{C9A1F51D-532C-4ED0-87D5-596D871BAC8C}.Release|Any CPU.ActiveCfg = Release|Any CPU
		{C9A1F51D-532C-4ED0-87D5-596D871BAC8C}.Release|Any CPU.Build.0 = Release|Any CPU
		{32F1D097-FC87-4238-9F76-A88207F45989}.Debug|Any CPU.ActiveCfg = Debug|Any CPU
		{32F1D097-FC87-4238-9F76-A88207F45989}.Debug|Any CPU.Build.0 = Debug|Any CPU
		{32F1D097-FC87-4238-9F76-A88207F45989}.Release|Any CPU.ActiveCfg = Release|Any CPU
		{32F1D097-FC87-4238-9F76-A88207F45989}.Release|Any CPU.Build.0 = Release|Any CPU
		{9A85F190-A2D2-45A7-A87C-7004934C0632}.Debug|Any CPU.ActiveCfg = Debug|Any CPU
		{9A85F190-A2D2-45A7-A87C-7004934C0632}.Debug|Any CPU.Build.0 = Debug|Any CPU
		{9A85F190-A2D2-45A7-A87C-7004934C0632}.Release|Any CPU.ActiveCfg = Release|Any CPU
		{9A85F190-A2D2-45A7-A87C-7004934C0632}.Release|Any CPU.Build.0 = Release|Any CPU
		{C0F3E785-DDC4-48BE-A6EB-71E250735F63}.Debug|Any CPU.ActiveCfg = Debug|Any CPU
		{C0F3E785-DDC4-48BE-A6EB-71E250735F63}.Debug|Any CPU.Build.0 = Debug|Any CPU
		{C0F3E785-DDC4-48BE-A6EB-71E250735F63}.Release|Any CPU.ActiveCfg = Release|Any CPU
		{C0F3E785-DDC4-48BE-A6EB-71E250735F63}.Release|Any CPU.Build.0 = Release|Any CPU
		{B99D347C-8052-4819-958C-85ED29FD7849}.Debug|Any CPU.ActiveCfg = Debug|Any CPU
		{B99D347C-8052-4819-958C-85ED29FD7849}.Debug|Any CPU.Build.0 = Debug|Any CPU
		{B99D347C-8052-4819-958C-85ED29FD7849}.Release|Any CPU.ActiveCfg = Release|Any CPU
		{B99D347C-8052-4819-958C-85ED29FD7849}.Release|Any CPU.Build.0 = Release|Any CPU
		{A7ABFC59-A1BE-48C1-B897-86627E7BA0FE}.Debug|Any CPU.ActiveCfg = Debug|Any CPU
		{A7ABFC59-A1BE-48C1-B897-86627E7BA0FE}.Debug|Any CPU.Build.0 = Debug|Any CPU
		{A7ABFC59-A1BE-48C1-B897-86627E7BA0FE}.Release|Any CPU.ActiveCfg = Release|Any CPU
		{A7ABFC59-A1BE-48C1-B897-86627E7BA0FE}.Release|Any CPU.Build.0 = Release|Any CPU
		{53513F98-B82E-4CA1-BACA-851A98882F80}.Debug|Any CPU.ActiveCfg = Debug|Any CPU
		{53513F98-B82E-4CA1-BACA-851A98882F80}.Debug|Any CPU.Build.0 = Debug|Any CPU
		{53513F98-B82E-4CA1-BACA-851A98882F80}.Release|Any CPU.ActiveCfg = Release|Any CPU
		{53513F98-B82E-4CA1-BACA-851A98882F80}.Release|Any CPU.Build.0 = Release|Any CPU
		{DD5ACC34-B4C0-4C37-966C-13810A2DDC39}.Debug|Any CPU.ActiveCfg = Debug|Any CPU
		{DD5ACC34-B4C0-4C37-966C-13810A2DDC39}.Debug|Any CPU.Build.0 = Debug|Any CPU
		{DD5ACC34-B4C0-4C37-966C-13810A2DDC39}.Release|Any CPU.ActiveCfg = Release|Any CPU
		{DD5ACC34-B4C0-4C37-966C-13810A2DDC39}.Release|Any CPU.Build.0 = Release|Any CPU
		{9B6D9B9A-2594-4D97-BD05-0F5E4737B90B}.Debug|Any CPU.ActiveCfg = Debug|Any CPU
		{9B6D9B9A-2594-4D97-BD05-0F5E4737B90B}.Debug|Any CPU.Build.0 = Debug|Any CPU
		{9B6D9B9A-2594-4D97-BD05-0F5E4737B90B}.Release|Any CPU.ActiveCfg = Release|Any CPU
		{9B6D9B9A-2594-4D97-BD05-0F5E4737B90B}.Release|Any CPU.Build.0 = Release|Any CPU
		{AFE129CE-1322-48A4-92F7-41EDBEB0FE2A}.Debug|Any CPU.ActiveCfg = Debug|Any CPU
		{AFE129CE-1322-48A4-92F7-41EDBEB0FE2A}.Debug|Any CPU.Build.0 = Debug|Any CPU
		{AFE129CE-1322-48A4-92F7-41EDBEB0FE2A}.Release|Any CPU.ActiveCfg = Release|Any CPU
		{AFE129CE-1322-48A4-92F7-41EDBEB0FE2A}.Release|Any CPU.Build.0 = Release|Any CPU
	EndGlobalSection
	GlobalSection(NestedProjects) = preSolution
		{6A346362-175D-4938-8D10-FBC91CF052F2} = {E4A2C132-C443-4571-91CD-D3B6B9CF1CF4}
		{5BE62BB0-B418-4DFD-8879-39D661C7EC3B} = {E4A2C132-C443-4571-91CD-D3B6B9CF1CF4}
		{E6466941-DC55-4AD5-8548-20D1E02A12F8} = {40092CFA-4EC9-4CC1-AC61-1FAC0351F813}
		{F64838D1-B5BA-4060-9007-8982943F6CA9} = {BF0755E2-B8AF-4818-8F0A-A53819F1EDAC}
		{93974B5B-92CE-4E61-A969-A371002701CA} = {F64838D1-B5BA-4060-9007-8982943F6CA9}
		{66C59FF6-B812-430E-A3FD-C8AE4ACE91A4} = {F64838D1-B5BA-4060-9007-8982943F6CA9}
		{DD4DF831-BA97-4016-B6DC-36A7D1E7FDEC} = {F64838D1-B5BA-4060-9007-8982943F6CA9}
		{18458451-129A-4249-A738-00A7E6D6779F} = {93974B5B-92CE-4E61-A969-A371002701CA}
		{6967F5FD-C09E-46A4-A3F6-FD611C7252AB} = {93974B5B-92CE-4E61-A969-A371002701CA}
		{AF69BA77-3951-4146-961C-F2687B939686} = {66C59FF6-B812-430E-A3FD-C8AE4ACE91A4}
		{70715414-B47A-45D9-8CF6-5B78EFED4562} = {66C59FF6-B812-430E-A3FD-C8AE4ACE91A4}
		{D5561C80-5957-4AC9-866B-1953E24E237F} = {66C59FF6-B812-430E-A3FD-C8AE4ACE91A4}
		{6A3161FF-1ED7-44E1-B358-03E0011A0F29} = {DD4DF831-BA97-4016-B6DC-36A7D1E7FDEC}
		{30407263-0B75-419C-B6BC-31840680DE7C} = {DD4DF831-BA97-4016-B6DC-36A7D1E7FDEC}
		{4DB56E07-F783-430B-A94A-185F37B4E71E} = {E4A2C132-C443-4571-91CD-D3B6B9CF1CF4}
		{FDD9E365-2A4C-422E-B95D-B10F51E090A6} = {E4A2C132-C443-4571-91CD-D3B6B9CF1CF4}
		{80D10FA6-59C0-42D9-8B12-F5B1DBA50A4A} = {E4A2C132-C443-4571-91CD-D3B6B9CF1CF4}
		{3B3DC8E6-5DA7-4C71-84B3-4A94641247AF} = {E4A2C132-C443-4571-91CD-D3B6B9CF1CF4}
		{97AD811E-1318-4396-8A11-1F909E5E18AE} = {E4A2C132-C443-4571-91CD-D3B6B9CF1CF4}
		{2F9FE178-4BFC-4E20-805A-6FAAB3975D05} = {E4A2C132-C443-4571-91CD-D3B6B9CF1CF4}
		{FA25B3CA-6367-4AC3-B74F-4B82D5A5FC71} = {E4A2C132-C443-4571-91CD-D3B6B9CF1CF4}
		{BEC45113-346A-481D-BC20-0422E59547E0} = {E4A2C132-C443-4571-91CD-D3B6B9CF1CF4}
		{1B9F8445-E48B-4298-B91A-8172A636AE80} = {BF0755E2-B8AF-4818-8F0A-A53819F1EDAC}
		{12C44E1F-A59F-4831-8A30-FB81927A9943} = {1B9F8445-E48B-4298-B91A-8172A636AE80}
		{49D11FF3-5047-4308-A99B-3C5F524EF402} = {1B9F8445-E48B-4298-B91A-8172A636AE80}
		{075BF2DE-D3C8-43BF-8E03-2BBACDA9E264} = {1B9F8445-E48B-4298-B91A-8172A636AE80}
		{D9B28348-7DD4-4C60-944B-7A4D56467303} = {12C44E1F-A59F-4831-8A30-FB81927A9943}
		{490CAD9C-4B5C-445F-ABA0-4246850E817F} = {12C44E1F-A59F-4831-8A30-FB81927A9943}
		{B758D3AF-47CD-4949-87CA-132CB52BACC5} = {49D11FF3-5047-4308-A99B-3C5F524EF402}
		{272447CE-9498-4747-A52E-2FA7757C30FF} = {49D11FF3-5047-4308-A99B-3C5F524EF402}
		{C9A1F51D-532C-4ED0-87D5-596D871BAC8C} = {49D11FF3-5047-4308-A99B-3C5F524EF402}
		{32F1D097-FC87-4238-9F76-A88207F45989} = {075BF2DE-D3C8-43BF-8E03-2BBACDA9E264}
		{9A85F190-A2D2-45A7-A87C-7004934C0632} = {075BF2DE-D3C8-43BF-8E03-2BBACDA9E264}
		{46537D05-D266-447B-AED0-A48A71BCFAA8} = {BF0755E2-B8AF-4818-8F0A-A53819F1EDAC}
		{C7000A89-90B1-4978-BBC2-06A3E76CD765} = {46537D05-D266-447B-AED0-A48A71BCFAA8}
		{AD77B7C7-1279-43EC-9539-7F0418098E2F} = {46537D05-D266-447B-AED0-A48A71BCFAA8}
		{19765CF3-FBE9-4AB2-89C1-E2975B5265B1} = {46537D05-D266-447B-AED0-A48A71BCFAA8}
		{C0F3E785-DDC4-48BE-A6EB-71E250735F63} = {C7000A89-90B1-4978-BBC2-06A3E76CD765}
		{B99D347C-8052-4819-958C-85ED29FD7849} = {C7000A89-90B1-4978-BBC2-06A3E76CD765}
		{A7ABFC59-A1BE-48C1-B897-86627E7BA0FE} = {AD77B7C7-1279-43EC-9539-7F0418098E2F}
		{53513F98-B82E-4CA1-BACA-851A98882F80} = {AD77B7C7-1279-43EC-9539-7F0418098E2F}
		{DD5ACC34-B4C0-4C37-966C-13810A2DDC39} = {AD77B7C7-1279-43EC-9539-7F0418098E2F}
		{9B6D9B9A-2594-4D97-BD05-0F5E4737B90B} = {19765CF3-FBE9-4AB2-89C1-E2975B5265B1}
		{AFE129CE-1322-48A4-92F7-41EDBEB0FE2A} = {19765CF3-FBE9-4AB2-89C1-E2975B5265B1}
	EndGlobalSection
EndGlobal
