
Microsoft Visual Studio Solution File, Format Version 12.00
Project("{FAE04EC0-301F-11D3-BF4B-00C04F79EFBC}") = "LTE-ASP-Base", "LTE-ASP-Base\LTE-ASP-Base.csproj", "{E6466941-DC55-4AD5-8548-20D1E02A12F8}"
EndProject
Project("{FAE04EC0-301F-11D3-BF4B-00C04F79EFBC}") = "BaseRepositories", "BaseRepositories\BaseRepositories.csproj", "{5BE62BB0-B418-4DFD-8879-39D661C7EC3B}"
EndProject
Project("{FAE04EC0-301F-11D3-BF4B-00C04F79EFBC}") = "BaseApplication", "BaseApplication\BaseApplication.csproj", "{6A346362-175D-4938-8D10-FBC91CF052F2}"
EndProject
Project("{2150E333-8FDC-42A3-9474-1A3956D46DE8}") = "1.Common", "1.Common", "{E4A2C132-C443-4571-91CD-D3B6B9CF1CF4}"
EndProject
Project("{2150E333-8FDC-42A3-9474-1A3956D46DE8}") = "2.Presentation Layer", "2.Presentation Layer", "{40092CFA-4EC9-4CC1-AC61-1FAC0351F813}"
EndProject
Project("{2150E333-8FDC-42A3-9474-1A3956D46DE8}") = "3.Service", "3.Service", "{BF0755E2-B8AF-4818-8F0A-A53819F1EDAC}"
EndProject
Project("{2150E333-8FDC-42A3-9474-1A3956D46DE8}") = "4.Test", "4.Test", "{90E56E84-0B0C-4F3B-A05D-88DF82EE6CD7}"
EndProject
Project("{2150E333-8FDC-42A3-9474-1A3956D46DE8}") = "01.AccountManager", "01.AccountManager", "{F64838D1-B5BA-4060-9007-8982943F6CA9}"
EndProject
Project("{2150E333-8FDC-42A3-9474-1A3956D46DE8}") = "1.Presentation Layer", "1.Presentation Layer", "{93974B5B-92CE-4E61-A969-A371002701CA}"
EndProject
Project("{2150E333-8FDC-42A3-9474-1A3956D46DE8}") = "2.Domain Layer", "2.Domain Layer", "{66C59FF6-B812-430E-A3FD-C8AE4ACE91A4}"
EndProject
Project("{2150E333-8FDC-42A3-9474-1A3956D46DE8}") = "3.Data Layer", "3.Data Layer", "{DD4DF831-BA97-4016-B6DC-36A7D1E7FDEC}"
EndProject
Project("{FAE04EC0-301F-11D3-BF4B-00C04F79EFBC}") = "AccountManager", "AccountManager\AccountManager.csproj", "{18458451-129A-4249-A738-00A7E6D6779F}"
EndProject
Project("{FAE04EC0-301F-11D3-BF4B-00C04F79EFBC}") = "AccountManager.Shared", "AccountManager.Shared\AccountManager.Shared.csproj", "{6967F5FD-C09E-46A4-A3F6-FD611C7252AB}"
EndProject
Project("{FAE04EC0-301F-11D3-BF4B-00C04F79EFBC}") = "AccountCommands", "AccountCommands\AccountCommands.csproj", "{AF69BA77-3951-4146-961C-F2687B939686}"
EndProject
Project("{FAE04EC0-301F-11D3-BF4B-00C04F79EFBC}") = "AccountDomains", "AccountDomains\AccountDomains.csproj", "{70715414-B47A-45D9-8CF6-5B78EFED4562}"
EndProject
Project("{FAE04EC0-301F-11D3-BF4B-00C04F79EFBC}") = "AccountReadModels", "AccountReadModels\AccountReadModels.csproj", "{D5561C80-5957-4AC9-866B-1953E24E237F}"
EndProject
Project("{FAE04EC0-301F-11D3-BF4B-00C04F79EFBC}") = "AccountRepository", "AccountRepository\AccountRepository.csproj", "{6A3161FF-1ED7-44E1-B358-03E0011A0F29}"
EndProject
Project("{FAE04EC0-301F-11D3-BF4B-00C04F79EFBC}") = "AccountRepositorySQLImplement", "AccountRepositorySQLImplement\AccountRepositorySQLImplement.csproj", "{30407263-0B75-419C-B6BC-31840680DE7C}"
EndProject
Project("{FAE04EC0-301F-11D3-BF4B-00C04F79EFBC}") = "Configs", "Configs\Configs.csproj", "{4DB56E07-F783-430B-A94A-185F37B4E71E}"
EndProject
Project("{FAE04EC0-301F-11D3-BF4B-00C04F79EFBC}") = "Extensions", "Extensions\Extensions.csproj", "{FDD9E365-2A4C-422E-B95D-B10F51E090A6}"
EndProject
Global
	GlobalSection(SolutionConfigurationPlatforms) = preSolution
		Debug|Any CPU = Debug|Any CPU
		Release|Any CPU = Release|Any CPU
	EndGlobalSection
	GlobalSection(ProjectConfigurationPlatforms) = postSolution
		{E6466941-DC55-4AD5-8548-20D1E02A12F8}.Debug|Any CPU.ActiveCfg = Debug|Any CPU
		{E6466941-DC55-4AD5-8548-20D1E02A12F8}.Debug|Any CPU.Build.0 = Debug|Any CPU
		{E6466941-DC55-4AD5-8548-20D1E02A12F8}.Release|Any CPU.ActiveCfg = Release|Any CPU
		{E6466941-DC55-4AD5-8548-20D1E02A12F8}.Release|Any CPU.Build.0 = Release|Any CPU
		{5BE62BB0-B418-4DFD-8879-39D661C7EC3B}.Debug|Any CPU.ActiveCfg = Debug|Any CPU
		{5BE62BB0-B418-4DFD-8879-39D661C7EC3B}.Debug|Any CPU.Build.0 = Debug|Any CPU
		{5BE62BB0-B418-4DFD-8879-39D661C7EC3B}.Release|Any CPU.ActiveCfg = Release|Any CPU
		{5BE62BB0-B418-4DFD-8879-39D661C7EC3B}.Release|Any CPU.Build.0 = Release|Any CPU
		{6A346362-175D-4938-8D10-FBC91CF052F2}.Debug|Any CPU.ActiveCfg = Debug|Any CPU
		{6A346362-175D-4938-8D10-FBC91CF052F2}.Debug|Any CPU.Build.0 = Debug|Any CPU
		{6A346362-175D-4938-8D10-FBC91CF052F2}.Release|Any CPU.ActiveCfg = Release|Any CPU
		{6A346362-175D-4938-8D10-FBC91CF052F2}.Release|Any CPU.Build.0 = Release|Any CPU
		{18458451-129A-4249-A738-00A7E6D6779F}.Debug|Any CPU.ActiveCfg = Debug|Any CPU
		{18458451-129A-4249-A738-00A7E6D6779F}.Debug|Any CPU.Build.0 = Debug|Any CPU
		{18458451-129A-4249-A738-00A7E6D6779F}.Release|Any CPU.ActiveCfg = Release|Any CPU
		{18458451-129A-4249-A738-00A7E6D6779F}.Release|Any CPU.Build.0 = Release|Any CPU
		{6967F5FD-C09E-46A4-A3F6-FD611C7252AB}.Debug|Any CPU.ActiveCfg = Debug|Any CPU
		{6967F5FD-C09E-46A4-A3F6-FD611C7252AB}.Debug|Any CPU.Build.0 = Debug|Any CPU
		{6967F5FD-C09E-46A4-A3F6-FD611C7252AB}.Release|Any CPU.ActiveCfg = Release|Any CPU
		{6967F5FD-C09E-46A4-A3F6-FD611C7252AB}.Release|Any CPU.Build.0 = Release|Any CPU
		{AF69BA77-3951-4146-961C-F2687B939686}.Debug|Any CPU.ActiveCfg = Debug|Any CPU
		{AF69BA77-3951-4146-961C-F2687B939686}.Debug|Any CPU.Build.0 = Debug|Any CPU
		{AF69BA77-3951-4146-961C-F2687B939686}.Release|Any CPU.ActiveCfg = Release|Any CPU
		{AF69BA77-3951-4146-961C-F2687B939686}.Release|Any CPU.Build.0 = Release|Any CPU
		{70715414-B47A-45D9-8CF6-5B78EFED4562}.Debug|Any CPU.ActiveCfg = Debug|Any CPU
		{70715414-B47A-45D9-8CF6-5B78EFED4562}.Debug|Any CPU.Build.0 = Debug|Any CPU
		{70715414-B47A-45D9-8CF6-5B78EFED4562}.Release|Any CPU.ActiveCfg = Release|Any CPU
		{70715414-B47A-45D9-8CF6-5B78EFED4562}.Release|Any CPU.Build.0 = Release|Any CPU
		{D5561C80-5957-4AC9-866B-1953E24E237F}.Debug|Any CPU.ActiveCfg = Debug|Any CPU
		{D5561C80-5957-4AC9-866B-1953E24E237F}.Debug|Any CPU.Build.0 = Debug|Any CPU
		{D5561C80-5957-4AC9-866B-1953E24E237F}.Release|Any CPU.ActiveCfg = Release|Any CPU
		{D5561C80-5957-4AC9-866B-1953E24E237F}.Release|Any CPU.Build.0 = Release|Any CPU
		{6A3161FF-1ED7-44E1-B358-03E0011A0F29}.Debug|Any CPU.ActiveCfg = Debug|Any CPU
		{6A3161FF-1ED7-44E1-B358-03E0011A0F29}.Debug|Any CPU.Build.0 = Debug|Any CPU
		{6A3161FF-1ED7-44E1-B358-03E0011A0F29}.Release|Any CPU.ActiveCfg = Release|Any CPU
		{6A3161FF-1ED7-44E1-B358-03E0011A0F29}.Release|Any CPU.Build.0 = Release|Any CPU
		{30407263-0B75-419C-B6BC-31840680DE7C}.Debug|Any CPU.ActiveCfg = Debug|Any CPU
		{30407263-0B75-419C-B6BC-31840680DE7C}.Debug|Any CPU.Build.0 = Debug|Any CPU
		{30407263-0B75-419C-B6BC-31840680DE7C}.Release|Any CPU.ActiveCfg = Release|Any CPU
		{30407263-0B75-419C-B6BC-31840680DE7C}.Release|Any CPU.Build.0 = Release|Any CPU
		{4DB56E07-F783-430B-A94A-185F37B4E71E}.Debug|Any CPU.ActiveCfg = Debug|Any CPU
		{4DB56E07-F783-430B-A94A-185F37B4E71E}.Debug|Any CPU.Build.0 = Debug|Any CPU
		{4DB56E07-F783-430B-A94A-185F37B4E71E}.Release|Any CPU.ActiveCfg = Release|Any CPU
		{4DB56E07-F783-430B-A94A-185F37B4E71E}.Release|Any CPU.Build.0 = Release|Any CPU
		{FDD9E365-2A4C-422E-B95D-B10F51E090A6}.Debug|Any CPU.ActiveCfg = Debug|Any CPU
		{FDD9E365-2A4C-422E-B95D-B10F51E090A6}.Debug|Any CPU.Build.0 = Debug|Any CPU
		{FDD9E365-2A4C-422E-B95D-B10F51E090A6}.Release|Any CPU.ActiveCfg = Release|Any CPU
		{FDD9E365-2A4C-422E-B95D-B10F51E090A6}.Release|Any CPU.Build.0 = Release|Any CPU
	EndGlobalSection
	GlobalSection(NestedProjects) = preSolution
		{6A346362-175D-4938-8D10-FBC91CF052F2} = {E4A2C132-C443-4571-91CD-D3B6B9CF1CF4}
		{5BE62BB0-B418-4DFD-8879-39D661C7EC3B} = {E4A2C132-C443-4571-91CD-D3B6B9CF1CF4}
		{E6466941-DC55-4AD5-8548-20D1E02A12F8} = {40092CFA-4EC9-4CC1-AC61-1FAC0351F813}
		{F64838D1-B5BA-4060-9007-8982943F6CA9} = {BF0755E2-B8AF-4818-8F0A-A53819F1EDAC}
		{93974B5B-92CE-4E61-A969-A371002701CA} = {F64838D1-B5BA-4060-9007-8982943F6CA9}
		{66C59FF6-B812-430E-A3FD-C8AE4ACE91A4} = {F64838D1-B5BA-4060-9007-8982943F6CA9}
		{DD4DF831-BA97-4016-B6DC-36A7D1E7FDEC} = {F64838D1-B5BA-4060-9007-8982943F6CA9}
		{18458451-129A-4249-A738-00A7E6D6779F} = {93974B5B-92CE-4E61-A969-A371002701CA}
		{6967F5FD-C09E-46A4-A3F6-FD611C7252AB} = {93974B5B-92CE-4E61-A969-A371002701CA}
		{AF69BA77-3951-4146-961C-F2687B939686} = {66C59FF6-B812-430E-A3FD-C8AE4ACE91A4}
		{70715414-B47A-45D9-8CF6-5B78EFED4562} = {66C59FF6-B812-430E-A3FD-C8AE4ACE91A4}
		{D5561C80-5957-4AC9-866B-1953E24E237F} = {66C59FF6-B812-430E-A3FD-C8AE4ACE91A4}
		{6A3161FF-1ED7-44E1-B358-03E0011A0F29} = {DD4DF831-BA97-4016-B6DC-36A7D1E7FDEC}
		{30407263-0B75-419C-B6BC-31840680DE7C} = {DD4DF831-BA97-4016-B6DC-36A7D1E7FDEC}
		{4DB56E07-F783-430B-A94A-185F37B4E71E} = {E4A2C132-C443-4571-91CD-D3B6B9CF1CF4}
		{FDD9E365-2A4C-422E-B95D-B10F51E090A6} = {E4A2C132-C443-4571-91CD-D3B6B9CF1CF4}
	EndGlobalSection
EndGlobal
